// !$*UTF8*$!
{
	archiveVersion = 1;
	classes = {
	};
	objectVersion = 46;
	objects = {

/* Begin PBXBuildFile section */
		88284B1E1B0F9A60004FB976 /* main.m in Sources */ = {isa = PBXBuildFile; fileRef = 88284B1D1B0F9A60004FB976 /* main.m */; };
		88284B211B0F9A60004FB976 /* AppDelegate.m in Sources */ = {isa = PBXBuildFile; fileRef = 88284B201B0F9A60004FB976 /* AppDelegate.m */; };
		88284B241B0F9A60004FB976 /* ViewController.m in Sources */ = {isa = PBXBuildFile; fileRef = 88284B231B0F9A60004FB976 /* ViewController.m */; };
		88284B271B0F9A60004FB976 /* Main.storyboard in Resources */ = {isa = PBXBuildFile; fileRef = 88284B251B0F9A60004FB976 /* Main.storyboard */; };
		88284B291B0F9A60004FB976 /* Images.xcassets in Resources */ = {isa = PBXBuildFile; fileRef = 88284B281B0F9A60004FB976 /* Images.xcassets */; };
		88284B2C1B0F9A60004FB976 /* LaunchScreen.xib in Resources */ = {isa = PBXBuildFile; fileRef = 88284B2A1B0F9A60004FB976 /* LaunchScreen.xib */; };
		88284B381B0F9A60004FB976 /* VKAlertViewTests.m in Sources */ = {isa = PBXBuildFile; fileRef = 88284B371B0F9A60004FB976 /* VKAlertViewTests.m */; };
		88284B441B0F9AFF004FB976 /* VKAlertView.m in Sources */ = {isa = PBXBuildFile; fileRef = 88284B431B0F9AFF004FB976 /* VKAlertView.m */; };
		88284B471B0F9B26004FB976 /* VKAlertView+show.m in Sources */ = {isa = PBXBuildFile; fileRef = 88284B461B0F9B26004FB976 /* VKAlertView+show.m */; };
		88284B4A1B0F9D8F004FB976 /* VKAlertViewColorFactory.m in Sources */ = {isa = PBXBuildFile; fileRef = 88284B491B0F9D8F004FB976 /* VKAlertViewColorFactory.m */; };
		88284B4D1B0F9F6D004FB976 /* VKAlertAction.m in Sources */ = {isa = PBXBuildFile; fileRef = 88284B4C1B0F9F6D004FB976 /* VKAlertAction.m */; };
/* End PBXBuildFile section */

/* Begin PBXContainerItemProxy section */
		88284B321B0F9A60004FB976 /* PBXContainerItemProxy */ = {
			isa = PBXContainerItemProxy;
			containerPortal = 88284B101B0F9A60004FB976 /* Project object */;
			proxyType = 1;
			remoteGlobalIDString = 88284B171B0F9A60004FB976;
			remoteInfo = VKAlertView;
		};
/* End PBXContainerItemProxy section */

/* Begin PBXFileReference section */
		88284B181B0F9A60004FB976 /* VKAlertView.app */ = {isa = PBXFileReference; explicitFileType = wrapper.application; includeInIndex = 0; path = VKAlertView.app; sourceTree = BUILT_PRODUCTS_DIR; };
		88284B1C1B0F9A60004FB976 /* Info.plist */ = {isa = PBXFileReference; lastKnownFileType = text.plist.xml; path = Info.plist; sourceTree = "<group>"; };
		88284B1D1B0F9A60004FB976 /* main.m */ = {isa = PBXFileReference; lastKnownFileType = sourcecode.c.objc; path = main.m; sourceTree = "<group>"; };
		88284B1F1B0F9A60004FB976 /* AppDelegate.h */ = {isa = PBXFileReference; lastKnownFileType = sourcecode.c.h; name = AppDelegate.h; path = VKAlertView/AppDelegate.h; sourceTree = "<group>"; };
		88284B201B0F9A60004FB976 /* AppDelegate.m */ = {isa = PBXFileReference; lastKnownFileType = sourcecode.c.objc; name = AppDelegate.m; path = VKAlertView/AppDelegate.m; sourceTree = "<group>"; };
		88284B221B0F9A60004FB976 /* ViewController.h */ = {isa = PBXFileReference; lastKnownFileType = sourcecode.c.h; name = ViewController.h; path = VKAlertView/ViewController.h; sourceTree = "<group>"; };
		88284B231B0F9A60004FB976 /* ViewController.m */ = {isa = PBXFileReference; lastKnownFileType = sourcecode.c.objc; name = ViewController.m; path = VKAlertView/ViewController.m; sourceTree = "<group>"; };
		88284B261B0F9A60004FB976 /* Base */ = {isa = PBXFileReference; lastKnownFileType = file.storyboard; name = Base; path = Base.lproj/Main.storyboard; sourceTree = "<group>"; };
		88284B281B0F9A60004FB976 /* Images.xcassets */ = {isa = PBXFileReference; lastKnownFileType = folder.assetcatalog; name = Images.xcassets; path = VKAlertView/Images.xcassets; sourceTree = "<group>"; };
		88284B2B1B0F9A60004FB976 /* Base */ = {isa = PBXFileReference; lastKnownFileType = file.xib; name = Base; path = Base.lproj/LaunchScreen.xib; sourceTree = "<group>"; };
		88284B311B0F9A60004FB976 /* VKAlertViewTests.xctest */ = {isa = PBXFileReference; explicitFileType = wrapper.cfbundle; includeInIndex = 0; path = VKAlertViewTests.xctest; sourceTree = BUILT_PRODUCTS_DIR; };
		88284B361B0F9A60004FB976 /* Info.plist */ = {isa = PBXFileReference; lastKnownFileType = text.plist.xml; path = Info.plist; sourceTree = "<group>"; };
		88284B371B0F9A60004FB976 /* VKAlertViewTests.m */ = {isa = PBXFileReference; lastKnownFileType = sourcecode.c.objc; path = VKAlertViewTests.m; sourceTree = "<group>"; };
		88284B421B0F9AFF004FB976 /* VKAlertView.h */ = {isa = PBXFileReference; fileEncoding = 4; lastKnownFileType = sourcecode.c.h; name = VKAlertView.h; path = Class/VKAlertView.h; sourceTree = SOURCE_ROOT; };
		88284B431B0F9AFF004FB976 /* VKAlertView.m */ = {isa = PBXFileReference; fileEncoding = 4; lastKnownFileType = sourcecode.c.objc; name = VKAlertView.m; path = Class/VKAlertView.m; sourceTree = SOURCE_ROOT; };
		88284B451B0F9B26004FB976 /* VKAlertView+show.h */ = {isa = PBXFileReference; fileEncoding = 4; lastKnownFileType = sourcecode.c.h; name = "VKAlertView+show.h"; path = "Class/VKAlertView+show.h"; sourceTree = SOURCE_ROOT; };
		88284B461B0F9B26004FB976 /* VKAlertView+show.m */ = {isa = PBXFileReference; fileEncoding = 4; lastKnownFileType = sourcecode.c.objc; name = "VKAlertView+show.m"; path = "Class/VKAlertView+show.m"; sourceTree = SOURCE_ROOT; };
		88284B481B0F9D8F004FB976 /* VKAlertViewColorFactory.h */ = {isa = PBXFileReference; fileEncoding = 4; lastKnownFileType = sourcecode.c.h; name = VKAlertViewColorFactory.h; path = Class/VKAlertViewColorFactory.h; sourceTree = SOURCE_ROOT; };
		88284B491B0F9D8F004FB976 /* VKAlertViewColorFactory.m */ = {isa = PBXFileReference; fileEncoding = 4; lastKnownFileType = sourcecode.c.objc; name = VKAlertViewColorFactory.m; path = Class/VKAlertViewColorFactory.m; sourceTree = SOURCE_ROOT; };
		88284B4B1B0F9F6D004FB976 /* VKAlertAction.h */ = {isa = PBXFileReference; fileEncoding = 4; lastKnownFileType = sourcecode.c.h; name = VKAlertAction.h; path = Class/VKAlertAction.h; sourceTree = SOURCE_ROOT; };
		88284B4C1B0F9F6D004FB976 /* VKAlertAction.m */ = {isa = PBXFileReference; fileEncoding = 4; lastKnownFileType = sourcecode.c.objc; name = VKAlertAction.m; path = Class/VKAlertAction.m; sourceTree = SOURCE_ROOT; };
/* End PBXFileReference section */

/* Begin PBXFrameworksBuildPhase section */
		88284B151B0F9A60004FB976 /* Frameworks */ = {
			isa = PBXFrameworksBuildPhase;
			buildActionMask = 2147483647;
			files = (
			);
			runOnlyForDeploymentPostprocessing = 0;
		};
		88284B2E1B0F9A60004FB976 /* Frameworks */ = {
			isa = PBXFrameworksBuildPhase;
			buildActionMask = 2147483647;
			files = (
			);
			runOnlyForDeploymentPostprocessing = 0;
		};
/* End PBXFrameworksBuildPhase section */

/* Begin PBXGroup section */
		88284B0F1B0F9A60004FB976 = {
			isa = PBXGroup;
			children = (
				88284B1A1B0F9A60004FB976 /* VKAlertView */,
				88284B411B0F9A71004FB976 /* VKAlertViewDemo */,
				88284B341B0F9A60004FB976 /* VKAlertViewTests */,
				88284B191B0F9A60004FB976 /* Products */,
			);
			sourceTree = "<group>";
		};
		88284B191B0F9A60004FB976 /* Products */ = {
			isa = PBXGroup;
			children = (
				88284B181B0F9A60004FB976 /* VKAlertView.app */,
				88284B311B0F9A60004FB976 /* VKAlertViewTests.xctest */,
			);
			name = Products;
			sourceTree = "<group>";
		};
		88284B1A1B0F9A60004FB976 /* VKAlertView */ = {
			isa = PBXGroup;
			children = (
				88284B421B0F9AFF004FB976 /* VKAlertView.h */,
				88284B431B0F9AFF004FB976 /* VKAlertView.m */,
				88284B451B0F9B26004FB976 /* VKAlertView+show.h */,
				88284B461B0F9B26004FB976 /* VKAlertView+show.m */,
				88284B481B0F9D8F004FB976 /* VKAlertViewColorFactory.h */,
				88284B491B0F9D8F004FB976 /* VKAlertViewColorFactory.m */,
				88284B4B1B0F9F6D004FB976 /* VKAlertAction.h */,
				88284B4C1B0F9F6D004FB976 /* VKAlertAction.m */,
			);
			path = VKAlertView;
			sourceTree = "<group>";
		};
		88284B1B1B0F9A60004FB976 /* Supporting Files */ = {
			isa = PBXGroup;
			children = (
				88284B1C1B0F9A60004FB976 /* Info.plist */,
				88284B1D1B0F9A60004FB976 /* main.m */,
			);
			name = "Supporting Files";
			path = VKAlertView;
			sourceTree = "<group>";
		};
		88284B341B0F9A60004FB976 /* VKAlertViewTests */ = {
			isa = PBXGroup;
			children = (
				88284B371B0F9A60004FB976 /* VKAlertViewTests.m */,
				88284B351B0F9A60004FB976 /* Supporting Files */,
			);
			path = VKAlertViewTests;
			sourceTree = "<group>";
		};
		88284B351B0F9A60004FB976 /* Supporting Files */ = {
			isa = PBXGroup;
			children = (
				88284B361B0F9A60004FB976 /* Info.plist */,
			);
			name = "Supporting Files";
			sourceTree = "<group>";
		};
		88284B411B0F9A71004FB976 /* VKAlertViewDemo */ = {
			isa = PBXGroup;
			children = (
				88284B1F1B0F9A60004FB976 /* AppDelegate.h */,
				88284B201B0F9A60004FB976 /* AppDelegate.m */,
				88284B221B0F9A60004FB976 /* ViewController.h */,
				88284B231B0F9A60004FB976 /* ViewController.m */,
				88284B251B0F9A60004FB976 /* Main.storyboard */,
				88284B281B0F9A60004FB976 /* Images.xcassets */,
				88284B2A1B0F9A60004FB976 /* LaunchScreen.xib */,
				88284B1B1B0F9A60004FB976 /* Supporting Files */,
			);
			name = VKAlertViewDemo;
			sourceTree = "<group>";
		};
/* End PBXGroup section */

/* Begin PBXNativeTarget section */
		88284B171B0F9A60004FB976 /* VKAlertView */ = {
			isa = PBXNativeTarget;
			buildConfigurationList = 88284B3B1B0F9A60004FB976 /* Build configuration list for PBXNativeTarget "VKAlertView" */;
			buildPhases = (
				88284B141B0F9A60004FB976 /* Sources */,
				88284B151B0F9A60004FB976 /* Frameworks */,
				88284B161B0F9A60004FB976 /* Resources */,
			);
			buildRules = (
			);
			dependencies = (
			);
			name = VKAlertView;
			productName = VKAlertView;
			productReference = 88284B181B0F9A60004FB976 /* VKAlertView.app */;
			productType = "com.apple.product-type.application";
		};
		88284B301B0F9A60004FB976 /* VKAlertViewTests */ = {
			isa = PBXNativeTarget;
			buildConfigurationList = 88284B3E1B0F9A60004FB976 /* Build configuration list for PBXNativeTarget "VKAlertViewTests" */;
			buildPhases = (
				88284B2D1B0F9A60004FB976 /* Sources */,
				88284B2E1B0F9A60004FB976 /* Frameworks */,
				88284B2F1B0F9A60004FB976 /* Resources */,
			);
			buildRules = (
			);
			dependencies = (
				88284B331B0F9A60004FB976 /* PBXTargetDependency */,
			);
			name = VKAlertViewTests;
			productName = VKAlertViewTests;
			productReference = 88284B311B0F9A60004FB976 /* VKAlertViewTests.xctest */;
			productType = "com.apple.product-type.bundle.unit-test";
		};
/* End PBXNativeTarget section */

/* Begin PBXProject section */
		88284B101B0F9A60004FB976 /* Project object */ = {
			isa = PBXProject;
			attributes = {
				LastUpgradeCheck = 0630;
				ORGANIZATIONNAME = VikingWarlock;
				TargetAttributes = {
					88284B171B0F9A60004FB976 = {
						CreatedOnToolsVersion = 6.3.2;
					};
					88284B301B0F9A60004FB976 = {
						CreatedOnToolsVersion = 6.3.2;
						TestTargetID = 88284B171B0F9A60004FB976;
					};
				};
			};
			buildConfigurationList = 88284B131B0F9A60004FB976 /* Build configuration list for PBXProject "VKAlertView" */;
			compatibilityVersion = "Xcode 3.2";
			developmentRegion = English;
			hasScannedForEncodings = 0;
			knownRegions = (
				en,
				Base,
			);
			mainGroup = 88284B0F1B0F9A60004FB976;
			productRefGroup = 88284B191B0F9A60004FB976 /* Products */;
			projectDirPath = "";
			projectRoot = "";
			targets = (
				88284B171B0F9A60004FB976 /* VKAlertView */,
				88284B301B0F9A60004FB976 /* VKAlertViewTests */,
			);
		};
/* End PBXProject section */

/* Begin PBXResourcesBuildPhase section */
		88284B161B0F9A60004FB976 /* Resources */ = {
			isa = PBXResourcesBuildPhase;
			buildActionMask = 2147483647;
			files = (
				88284B271B0F9A60004FB976 /* Main.storyboard in Resources */,
				88284B2C1B0F9A60004FB976 /* LaunchScreen.xib in Resources */,
				88284B291B0F9A60004FB976 /* Images.xcassets in Resources */,
			);
			runOnlyForDeploymentPostprocessing = 0;
		};
		88284B2F1B0F9A60004FB976 /* Resources */ = {
			isa = PBXResourcesBuildPhase;
			buildActionMask = 2147483647;
			files = (
			);
			runOnlyForDeploymentPostprocessing = 0;
		};
/* End PBXResourcesBuildPhase section */

/* Begin PBXSourcesBuildPhase section */
		88284B141B0F9A60004FB976 /* Sources */ = {
			isa = PBXSourcesBuildPhase;
			buildActionMask = 2147483647;
			files = (
				88284B471B0F9B26004FB976 /* VKAlertView+show.m in Sources */,
				88284B441B0F9AFF004FB976 /* VKAlertView.m in Sources */,
				88284B241B0F9A60004FB976 /* ViewController.m in Sources */,
				88284B4A1B0F9D8F004FB976 /* VKAlertViewColorFactory.m in Sources */,
				88284B4D1B0F9F6D004FB976 /* VKAlertAction.m in Sources */,
				88284B211B0F9A60004FB976 /* AppDelegate.m in Sources */,
				88284B1E1B0F9A60004FB976 /* main.m in Sources */,
			);
			runOnlyForDeploymentPostprocessing = 0;
		};
		88284B2D1B0F9A60004FB976 /* Sources */ = {
			isa = PBXSourcesBuildPhase;
			buildActionMask = 2147483647;
			files = (
				88284B381B0F9A60004FB976 /* VKAlertViewTests.m in Sources */,
			);
			runOnlyForDeploymentPostprocessing = 0;
		};
/* End PBXSourcesBuildPhase section */

/* Begin PBXTargetDependency section */
		88284B331B0F9A60004FB976 /* PBXTargetDependency */ = {
			isa = PBXTargetDependency;
			target = 88284B171B0F9A60004FB976 /* VKAlertView */;
			targetProxy = 88284B321B0F9A60004FB976 /* PBXContainerItemProxy */;
		};
/* End PBXTargetDependency section */

/* Begin PBXVariantGroup section */
		88284B251B0F9A60004FB976 /* Main.storyboard */ = {
			isa = PBXVariantGroup;
			children = (
				88284B261B0F9A60004FB976 /* Base */,
			);
			name = Main.storyboard;
			path = VKAlertView;
			sourceTree = "<group>";
		};
		88284B2A1B0F9A60004FB976 /* LaunchScreen.xib */ = {
			isa = PBXVariantGroup;
			children = (
				88284B2B1B0F9A60004FB976 /* Base */,
			);
			name = LaunchScreen.xib;
			path = VKAlertView;
			sourceTree = "<group>";
		};
/* End PBXVariantGroup section */

/* Begin XCBuildConfiguration section */
		88284B391B0F9A60004FB976 /* Debug */ = {
			isa = XCBuildConfiguration;
			buildSettings = {
				ALWAYS_SEARCH_USER_PATHS = NO;
				CLANG_CXX_LANGUAGE_STANDARD = "gnu++0x";
				CLANG_CXX_LIBRARY = "libc++";
				CLANG_ENABLE_MODULES = YES;
				CLANG_ENABLE_OBJC_ARC = YES;
				CLANG_WARN_BOOL_CONVERSION = YES;
				CLANG_WARN_CONSTANT_CONVERSION = YES;
				CLANG_WARN_DIRECT_OBJC_ISA_USAGE = YES_ERROR;
				CLANG_WARN_EMPTY_BODY = YES;
				CLANG_WARN_ENUM_CONVERSION = YES;
				CLANG_WARN_INT_CONVERSION = YES;
				CLANG_WARN_OBJC_ROOT_CLASS = YES_ERROR;
				CLANG_WARN_UNREACHABLE_CODE = YES;
				CLANG_WARN__DUPLICATE_METHOD_MATCH = YES;
				"CODE_SIGN_IDENTITY[sdk=iphoneos*]" = "iPhone Developer";
				COPY_PHASE_STRIP = NO;
				DEBUG_INFORMATION_FORMAT = "dwarf-with-dsym";
				ENABLE_STRICT_OBJC_MSGSEND = YES;
				GCC_C_LANGUAGE_STANDARD = gnu99;
				GCC_DYNAMIC_NO_PIC = NO;
				GCC_NO_COMMON_BLOCKS = YES;
				GCC_OPTIMIZATION_LEVEL = 0;
				GCC_PREPROCESSOR_DEFINITIONS = (
					"DEBUG=1",
					"$(inherited)",
				);
				GCC_SYMBOLS_PRIVATE_EXTERN = NO;
				GCC_WARN_64_TO_32_BIT_CONVERSION = YES;
				GCC_WARN_ABOUT_RETURN_TYPE = YES_ERROR;
				GCC_WARN_UNDECLARED_SELECTOR = YES;
				GCC_WARN_UNINITIALIZED_AUTOS = YES_AGGRESSIVE;
				GCC_WARN_UNUSED_FUNCTION = YES;
				GCC_WARN_UNUSED_VARIABLE = YES;
				IPHONEOS_DEPLOYMENT_TARGET = 8.3;
				MTL_ENABLE_DEBUG_INFO = YES;
				ONLY_ACTIVE_ARCH = YES;
				SDKROOT = iphoneos;
			};
			name = Debug;
		};
		88284B3A1B0F9A60004FB976 /* Release */ = {
			isa = XCBuildConfiguration;
			buildSettings = {
				ALWAYS_SEARCH_USER_PATHS = NO;
				CLANG_CXX_LANGUAGE_STANDARD = "gnu++0x";
				CLANG_CXX_LIBRARY = "libc++";
				CLANG_ENABLE_MODULES = YES;
				CLANG_ENABLE_OBJC_ARC = YES;
				CLANG_WARN_BOOL_CONVERSION = YES;
				CLANG_WARN_CONSTANT_CONVERSION = YES;
				CLANG_WARN_DIRECT_OBJC_ISA_USAGE = YES_ERROR;
				CLANG_WARN_EMPTY_BODY = YES;
				CLANG_WARN_ENUM_CONVERSION = YES;
				CLANG_WARN_INT_CONVERSION = YES;
				CLANG_WARN_OBJC_ROOT_CLASS = YES_ERROR;
				CLANG_WARN_UNREACHABLE_CODE = YES;
				CLANG_WARN__DUPLICATE_METHOD_MATCH = YES;
				"CODE_SIGN_IDENTITY[sdk=iphoneos*]" = "iPhone Developer";
				COPY_PHASE_STRIP = NO;
				DEBUG_INFORMATION_FORMAT = "dwarf-with-dsym";
				ENABLE_NS_ASSERTIONS = NO;
				ENABLE_STRICT_OBJC_MSGSEND = YES;
				GCC_C_LANGUAGE_STANDARD = gnu99;
				GCC_NO_COMMON_BLOCKS = YES;
				GCC_WARN_64_TO_32_BIT_CONVERSION = YES;
				GCC_WARN_ABOUT_RETURN_TYPE = YES_ERROR;
				GCC_WARN_UNDECLARED_SELECTOR = YES;
				GCC_WARN_UNINITIALIZED_AUTOS = YES_AGGRESSIVE;
				GCC_WARN_UNUSED_FUNCTION = YES;
				GCC_WARN_UNUSED_VARIABLE = YES;
				IPHONEOS_DEPLOYMENT_TARGET = 8.3;
				MTL_ENABLE_DEBUG_INFO = NO;
				SDKROOT = iphoneos;
				VALIDATE_PRODUCT = YES;
			};
			name = Release;
		};
		88284B3C1B0F9A60004FB976 /* Debug */ = {
			isa = XCBuildConfiguration;
			buildSettings = {
				ASSETCATALOG_COMPILER_APPICON_NAME = AppIcon;
				INFOPLIST_FILE = VKAlertView/Info.plist;
				LD_RUNPATH_SEARCH_PATHS = "$(inherited) @executable_path/Frameworks";
				PRODUCT_NAME = "$(TARGET_NAME)";
			};
			name = Debug;
		};
		88284B3D1B0F9A60004FB976 /* Release */ = {
			isa = XCBuildConfiguration;
			buildSettings = {
				ASSETCATALOG_COMPILER_APPICON_NAME = AppIcon;
				INFOPLIST_FILE = VKAlertView/Info.plist;
				LD_RUNPATH_SEARCH_PATHS = "$(inherited) @executable_path/Frameworks";
				PRODUCT_NAME = "$(TARGET_NAME)";
			};
			name = Release;
		};
		88284B3F1B0F9A60004FB976 /* Debug */ = {
			isa = XCBuildConfiguration;
			buildSettings = {
				BUNDLE_LOADER = "$(TEST_HOST)";
				FRAMEWORK_SEARCH_PATHS = (
					"$(SDKROOT)/Developer/Library/Frameworks",
					"$(inherited)",
				);
				GCC_PREPROCESSOR_DEFINITIONS = (
					"DEBUG=1",
					"$(inherited)",
				);
				INFOPLIST_FILE = VKAlertViewTests/Info.plist;
				LD_RUNPATH_SEARCH_PATHS = "$(inherited) @executable_path/Frameworks @loader_path/Frameworks";
				PRODUCT_NAME = "$(TARGET_NAME)";
				TEST_HOST = "$(BUILT_PRODUCTS_DIR)/VKAlertView.app/VKAlertView";
			};
			name = Debug;
		};
		88284B401B0F9A60004FB976 /* Release */ = {
			isa = XCBuildConfiguration;
			buildSettings = {
				BUNDLE_LOADER = "$(TEST_HOST)";
				FRAMEWORK_SEARCH_PATHS = (
					"$(SDKROOT)/Developer/Library/Frameworks",
					"$(inherited)",
				);
				INFOPLIST_FILE = VKAlertViewTests/Info.plist;
				LD_RUNPATH_SEARCH_PATHS = "$(inherited) @executable_path/Frameworks @loader_path/Frameworks";
				PRODUCT_NAME = "$(TARGET_NAME)";
				TEST_HOST = "$(BUILT_PRODUCTS_DIR)/VKAlertView.app/VKAlertView";
			};
			name = Release;
		};
/* End XCBuildConfiguration section */

/* Begin XCConfigurationList section */
		88284B131B0F9A60004FB976 /* Build configuration list for PBXProject "VKAlertView" */ = {
			isa = XCConfigurationList;
			buildConfigurations = (
				88284B391B0F9A60004FB976 /* Debug */,
				88284B3A1B0F9A60004FB976 /* Release */,
			);
			defaultConfigurationIsVisible = 0;
			defaultConfigurationName = Release;
		};
		88284B3B1B0F9A60004FB976 /* Build configuration list for PBXNativeTarget "VKAlertView" */ = {
			isa = XCConfigurationList;
			buildConfigurations = (
				88284B3C1B0F9A60004FB976 /* Debug */,
				88284B3D1B0F9A60004FB976 /* Release */,
			);
			defaultConfigurationIsVisible = 0;
		};
		88284B3E1B0F9A60004FB976 /* Build configuration list for PBXNativeTarget "VKAlertViewTests" */ = {
			isa = XCConfigurationList;
			buildConfigurations = (
				88284B3F1B0F9A60004FB976 /* Debug */,
				88284B401B0F9A60004FB976 /* Release */,
			);
			defaultConfigurationIsVisible = 0;
		};
/* End XCConfigurationList section */
	};
	rootObject = 88284B101B0F9A60004FB976 /* Project object */;
}
